
Microsoft Visual Studio Solution File, Format Version 12.00
# Visual Studio Version 17
VisualStudioVersion = 17.7.34031.279
MinimumVisualStudioVersion = 10.0.40219.1
Project("{FAE04EC0-301F-11D3-BF4B-00C04F79EFBC}") = "refakturirane", "refakturirane\refakturirane.csproj", "{E0731E3D-6312-4E96-BCDD-15625D4433B6}"
EndProject
Global
	GlobalSection(SolutionConfigurationPlatforms) = preSolution
		Debug|Any CPU = Debug|Any CPU
		Release|Any CPU = Release|Any CPU
	EndGlobalSection
	GlobalSection(ProjectConfigurationPlatforms) = postSolution
		{E0731E3D-6312-4E96-BCDD-15625D4433B6}.Debug|Any CPU.ActiveCfg = Debug|Any CPU
		{E0731E3D-6312-4E96-BCDD-15625D4433B6}.Debug|Any CPU.Build.0 = Debug|Any CPU
		{E0731E3D-6312-4E96-BCDD-15625D4433B6}.Release|Any CPU.ActiveCfg = Release|Any CPU
		{E0731E3D-6312-4E96-BCDD-15625D4433B6}.Release|Any CPU.Build.0 = Release|Any CPU
	EndGlobalSection
	GlobalSection(SolutionProperties) = preSolution
		HideSolutionNode = FALSE
	EndGlobalSection
	GlobalSection(ExtensibilityGlobals) = postSolution
		SolutionGuid = {E5602A2E-55CE-4E93-9929-08D495F5E3E7}
	EndGlobalSection
EndGlobal
